
Microsoft Visual Studio Solution File, Format Version 12.00
# Visual Studio Version 16
VisualStudioVersion = 16.0.31105.61
MinimumVisualStudioVersion = 10.0.40219.1
Project("{FAE04EC0-301F-11D3-BF4B-00C04F79EFBC}") = "ExcelValidation", "ExcelValidation\ExcelValidation.csproj", "{9ED52558-7003-4C47-BAE5-DB37EDEE4742}"
EndProject
Global
	GlobalSection(SolutionConfigurationPlatforms) = preSolution
		Debug|Any CPU = Debug|Any CPU
		Release|Any CPU = Release|Any CPU
	EndGlobalSection
	GlobalSection(ProjectConfigurationPlatforms) = postSolution
		{9ED52558-7003-4C47-BAE5-DB37EDEE4742}.Debug|Any CPU.ActiveCfg = Debug|Any CPU
		{9ED52558-7003-4C47-BAE5-DB37EDEE4742}.Debug|Any CPU.Build.0 = Debug|Any CPU
		{9ED52558-7003-4C47-BAE5-DB37EDEE4742}.Release|Any CPU.ActiveCfg = Release|Any CPU
		{9ED52558-7003-4C47-BAE5-DB37EDEE4742}.Release|Any CPU.Build.0 = Release|Any CPU
	EndGlobalSection
	GlobalSection(SolutionProperties) = preSolution
		HideSolutionNode = FALSE
	EndGlobalSection
	GlobalSection(ExtensibilityGlobals) = postSolution
		SolutionGuid = {81F52062-050B-49C9-A290-9F154D945BD1}
	EndGlobalSection
EndGlobal
